
Microsoft Visual Studio Solution File, Format Version 12.00
# Visual Studio 15
VisualStudioVersion = 15.0.27004.2005
MinimumVisualStudioVersion = 10.0.40219.1
Project("{FAE04EC0-301F-11D3-BF4B-00C04F79EFBC}") = "1.zad", "IntegerList\1.zad.csproj", "{9BB8F4F3-3E11-4B27-B32F-CD21373FC6C6}"
EndProject
Project("{FAE04EC0-301F-11D3-BF4B-00C04F79EFBC}") = "2.zad", "GenericList\2.zad.csproj", "{50D34C2E-6289-4B8D-8C72-34EC9F8D8CFA}"
EndProject
Global
	GlobalSection(SolutionConfigurationPlatforms) = preSolution
		Debug|Any CPU = Debug|Any CPU
		Release|Any CPU = Release|Any CPU
	EndGlobalSection
	GlobalSection(ProjectConfigurationPlatforms) = postSolution
		{9BB8F4F3-3E11-4B27-B32F-CD21373FC6C6}.Debug|Any CPU.ActiveCfg = Debug|Any CPU
		{9BB8F4F3-3E11-4B27-B32F-CD21373FC6C6}.Debug|Any CPU.Build.0 = Debug|Any CPU
		{9BB8F4F3-3E11-4B27-B32F-CD21373FC6C6}.Release|Any CPU.ActiveCfg = Release|Any CPU
		{9BB8F4F3-3E11-4B27-B32F-CD21373FC6C6}.Release|Any CPU.Build.0 = Release|Any CPU
		{50D34C2E-6289-4B8D-8C72-34EC9F8D8CFA}.Debug|Any CPU.ActiveCfg = Debug|Any CPU
		{50D34C2E-6289-4B8D-8C72-34EC9F8D8CFA}.Debug|Any CPU.Build.0 = Debug|Any CPU
		{50D34C2E-6289-4B8D-8C72-34EC9F8D8CFA}.Release|Any CPU.ActiveCfg = Release|Any CPU
		{50D34C2E-6289-4B8D-8C72-34EC9F8D8CFA}.Release|Any CPU.Build.0 = Release|Any CPU
	EndGlobalSection
	GlobalSection(SolutionProperties) = preSolution
		HideSolutionNode = FALSE
	EndGlobalSection
	GlobalSection(ExtensibilityGlobals) = postSolution
		SolutionGuid = {904D5863-3DB4-42FB-82CF-7DE62684768B}
	EndGlobalSection
EndGlobal
